
Microsoft Visual Studio Solution File, Format Version 12.00
# Visual Studio Version 17
VisualStudioVersion = 17.3.32929.385
MinimumVisualStudioVersion = 10.0.40219.1
Project("{FAE04EC0-301F-11D3-BF4B-00C04F79EFBC}") = "Github Class 3", "Github Class 3\Github Class 3.csproj", "{67FD1410-B00C-4E74-9BFE-AE16A6E059AB}"
EndProject
Global
	GlobalSection(SolutionConfigurationPlatforms) = preSolution
		Debug|Any CPU = Debug|Any CPU
		Release|Any CPU = Release|Any CPU
	EndGlobalSection
	GlobalSection(ProjectConfigurationPlatforms) = postSolution
		{67FD1410-B00C-4E74-9BFE-AE16A6E059AB}.Debug|Any CPU.ActiveCfg = Debug|Any CPU
		{67FD1410-B00C-4E74-9BFE-AE16A6E059AB}.Debug|Any CPU.Build.0 = Debug|Any CPU
		{67FD1410-B00C-4E74-9BFE-AE16A6E059AB}.Release|Any CPU.ActiveCfg = Release|Any CPU
		{67FD1410-B00C-4E74-9BFE-AE16A6E059AB}.Release|Any CPU.Build.0 = Release|Any CPU
	EndGlobalSection
	GlobalSection(SolutionProperties) = preSolution
		HideSolutionNode = FALSE
	EndGlobalSection
	GlobalSection(ExtensibilityGlobals) = postSolution
		SolutionGuid = {03605746-AAC7-41B6-9258-E215E82A1D0A}
	EndGlobalSection
EndGlobal
