
Microsoft Visual Studio Solution File, Format Version 12.00
# Visual Studio Version 17
VisualStudioVersion = 17.3.32929.385
MinimumVisualStudioVersion = 10.0.40219.1
Project("{FAE04EC0-301F-11D3-BF4B-00C04F79EFBC}") = "Github Class 4", "Github Class 4\Github Class 4.csproj", "{CCE95791-194C-4CD2-9977-426BC2683458}"
EndProject
Global
	GlobalSection(SolutionConfigurationPlatforms) = preSolution
		Debug|Any CPU = Debug|Any CPU
		Release|Any CPU = Release|Any CPU
	EndGlobalSection
	GlobalSection(ProjectConfigurationPlatforms) = postSolution
		{CCE95791-194C-4CD2-9977-426BC2683458}.Debug|Any CPU.ActiveCfg = Debug|Any CPU
		{CCE95791-194C-4CD2-9977-426BC2683458}.Debug|Any CPU.Build.0 = Debug|Any CPU
		{CCE95791-194C-4CD2-9977-426BC2683458}.Release|Any CPU.ActiveCfg = Release|Any CPU
		{CCE95791-194C-4CD2-9977-426BC2683458}.Release|Any CPU.Build.0 = Release|Any CPU
	EndGlobalSection
	GlobalSection(SolutionProperties) = preSolution
		HideSolutionNode = FALSE
	EndGlobalSection
	GlobalSection(ExtensibilityGlobals) = postSolution
		SolutionGuid = {D436FF08-8815-42FC-B1FE-549ED3F69823}
	EndGlobalSection
EndGlobal
